
Microsoft Visual Studio Solution File, Format Version 12.00
# Visual Studio Version 17
VisualStudioVersion = 17.0.32014.148
MinimumVisualStudioVersion = 10.0.40219.1
Project("{FAE04EC0-301F-11D3-BF4B-00C04F79EFBC}") = "WpfApp1", "WpfApp1\WpfApp1.csproj", "{ABFC4FEC-A3EB-4E0D-8D54-89BF2B025E0F}"
EndProject
Global
	GlobalSection(SolutionConfigurationPlatforms) = preSolution
		Debug|Any CPU = Debug|Any CPU
		Release|Any CPU = Release|Any CPU
	EndGlobalSection
	GlobalSection(ProjectConfigurationPlatforms) = postSolution
		{ABFC4FEC-A3EB-4E0D-8D54-89BF2B025E0F}.Debug|Any CPU.ActiveCfg = Debug|Any CPU
		{ABFC4FEC-A3EB-4E0D-8D54-89BF2B025E0F}.Debug|Any CPU.Build.0 = Debug|Any CPU
		{ABFC4FEC-A3EB-4E0D-8D54-89BF2B025E0F}.Release|Any CPU.ActiveCfg = Release|Any CPU
		{ABFC4FEC-A3EB-4E0D-8D54-89BF2B025E0F}.Release|Any CPU.Build.0 = Release|Any CPU
	EndGlobalSection
	GlobalSection(SolutionProperties) = preSolution
		HideSolutionNode = FALSE
	EndGlobalSection
	GlobalSection(ExtensibilityGlobals) = postSolution
		SolutionGuid = {59751B7B-2F2C-4CCB-B620-BB132752384B}
	EndGlobalSection
EndGlobal
